
Microsoft Visual Studio Solution File, Format Version 12.00
# Visual Studio 14
VisualStudioVersion = 14.0.24720.0
MinimumVisualStudioVersion = 10.0.40219.1
Project("{FAE04EC0-301F-11D3-BF4B-00C04F79EFBC}") = "GradeParser.WPF", "GradeParser.WPF\GradeParser.WPF.csproj", "{7876494E-AEA1-4F1F-BAED-0953ABCC3384}"
EndProject
Project("{FAE04EC0-301F-11D3-BF4B-00C04F79EFBC}") = "GradeParser.BL", "GradeParser.BL\GradeParser.BL.csproj", "{28F076E9-F043-4D21-B5CA-0C7FC79CAD43}"
EndProject
Global
	GlobalSection(SolutionConfigurationPlatforms) = preSolution
		Debug|Any CPU = Debug|Any CPU
		Release|Any CPU = Release|Any CPU
	EndGlobalSection
	GlobalSection(ProjectConfigurationPlatforms) = postSolution
		{7876494E-AEA1-4F1F-BAED-0953ABCC3384}.Debug|Any CPU.ActiveCfg = Debug|Any CPU
		{7876494E-AEA1-4F1F-BAED-0953ABCC3384}.Debug|Any CPU.Build.0 = Debug|Any CPU
		{7876494E-AEA1-4F1F-BAED-0953ABCC3384}.Release|Any CPU.ActiveCfg = Release|Any CPU
		{7876494E-AEA1-4F1F-BAED-0953ABCC3384}.Release|Any CPU.Build.0 = Release|Any CPU
		{28F076E9-F043-4D21-B5CA-0C7FC79CAD43}.Debug|Any CPU.ActiveCfg = Debug|Any CPU
		{28F076E9-F043-4D21-B5CA-0C7FC79CAD43}.Debug|Any CPU.Build.0 = Debug|Any CPU
		{28F076E9-F043-4D21-B5CA-0C7FC79CAD43}.Release|Any CPU.ActiveCfg = Release|Any CPU
		{28F076E9-F043-4D21-B5CA-0C7FC79CAD43}.Release|Any CPU.Build.0 = Release|Any CPU
	EndGlobalSection
	GlobalSection(SolutionProperties) = preSolution
		HideSolutionNode = FALSE
	EndGlobalSection
EndGlobal
